
Microsoft Visual Studio Solution File, Format Version 12.00
Project("{FAE04EC0-301F-11D3-BF4B-00C04F79EFBC}") = "CollectionView", "CollectionView\CollectionView.csproj", "{CF5C3282-6F29-4828-B203-64F5D9EB776D}"
EndProject
Global
	GlobalSection(SolutionConfigurationPlatforms) = preSolution
		Debug|Any CPU = Debug|Any CPU
		Release|Any CPU = Release|Any CPU
	EndGlobalSection
	GlobalSection(ProjectConfigurationPlatforms) = postSolution
		{CF5C3282-6F29-4828-B203-64F5D9EB776D}.Debug|Any CPU.ActiveCfg = Debug|Any CPU
		{CF5C3282-6F29-4828-B203-64F5D9EB776D}.Debug|Any CPU.Build.0 = Debug|Any CPU
		{CF5C3282-6F29-4828-B203-64F5D9EB776D}.Release|Any CPU.ActiveCfg = Release|Any CPU
		{CF5C3282-6F29-4828-B203-64F5D9EB776D}.Release|Any CPU.Build.0 = Release|Any CPU
	EndGlobalSection
EndGlobal
